// !$*UTF8*$!
{
	archiveVersion = 1;
	classes = {
	};
	objectVersion = 46;
	objects = {

/* Begin PBXBuildFile section */
		7782B5911E564FC000E8FA99 /* main.m in Sources */ = {isa = PBXBuildFile; fileRef = 7782B5901E564FC000E8FA99 /* main.m */; };
/* End PBXBuildFile section */

/* Begin PBXCopyFilesBuildPhase section */
		7782B58B1E564FC000E8FA99 /* CopyFiles */ = {
			isa = PBXCopyFilesBuildPhase;
			buildActionMask = 2147483647;
			dstPath = /usr/share/man/man1/;
			dstSubfolderSpec = 0;
			files = (
			);
			runOnlyForDeploymentPostprocessing = 1;
		};
/* End PBXCopyFilesBuildPhase section */

/* Begin PBXFileReference section */
		7782B58D1E564FC000E8FA99 /* Snakes&Ladders */ = {isa = PBXFileReference; explicitFileType = "compiled.mach-o.executable"; includeInIndex = 0; path = "Snakes&Ladders"; sourceTree = BUILT_PRODUCTS_DIR; };
		7782B5901E564FC000E8FA99 /* main.m */ = {isa = PBXFileReference; lastKnownFileType = sourcecode.c.objc; path = main.m; sourceTree = "<group>"; };
/* End PBXFileReference section */

/* Begin PBXFrameworksBuildPhase section */
		7782B58A1E564FC000E8FA99 /* Frameworks */ = {
			isa = PBXFrameworksBuildPhase;
			buildActionMask = 2147483647;
			files = (
			);
			runOnlyForDeploymentPostprocessing = 0;
		};
/* End PBXFrameworksBuildPhase section */

/* Begin PBXGroup section */
		7782B5841E564FC000E8FA99 = {
			isa = PBXGroup;
			children = (
				7782B58F1E564FC000E8FA99 /* Snakes&Ladders */,
				7782B58E1E564FC000E8FA99 /* Products */,
			);
			sourceTree = "<group>";
		};
		7782B58E1E564FC000E8FA99 /* Products */ = {
			isa = PBXGroup;
			children = (
				7782B58D1E564FC000E8FA99 /* Snakes&Ladders */,
			);
			name = Products;
			sourceTree = "<group>";
		};
		7782B58F1E564FC000E8FA99 /* Snakes&Ladders */ = {
			isa = PBXGroup;
			children = (
				7782B5901E564FC000E8FA99 /* main.m */,
			);
			path = "Snakes&Ladders";
			sourceTree = "<group>";
		};
/* End PBXGroup section */

/* Begin PBXNativeTarget section */
		7782B58C1E564FC000E8FA99 /* Snakes&Ladders */ = {
			isa = PBXNativeTarget;
			buildConfigurationList = 7782B5941E564FC000E8FA99 /* Build configuration list for PBXNativeTarget "Snakes&Ladders" */;
			buildPhases = (
				7782B5891E564FC000E8FA99 /* Sources */,
				7782B58A1E564FC000E8FA99 /* Frameworks */,
				7782B58B1E564FC000E8FA99 /* CopyFiles */,
			);
			buildRules = (
			);
			dependencies = (
			);
			name = "Snakes&Ladders";
			productName = "Snakes&Ladders";
			productReference = 7782B58D1E564FC000E8FA99 /* Snakes&Ladders */;
			productType = "com.apple.product-type.tool";
		};
/* End PBXNativeTarget section */

/* Begin PBXProject section */
		7782B5851E564FC000E8FA99 /* Project object */ = {
			isa = PBXProject;
			attributes = {
				LastUpgradeCheck = 0820;
				ORGANIZATIONNAME = "Pierre Binon";
				TargetAttributes = {
					7782B58C1E564FC000E8FA99 = {
						CreatedOnToolsVersion = 8.2.1;
						ProvisioningStyle = Automatic;
					};
				};
			};
			buildConfigurationList = 7782B5881E564FC000E8FA99 /* Build configuration list for PBXProject "Snakes&Ladders" */;
			compatibilityVersion = "Xcode 3.2";
			developmentRegion = English;
			hasScannedForEncodings = 0;
			knownRegions = (
				en,
			);
			mainGroup = 7782B5841E564FC000E8FA99;
			productRefGroup = 7782B58E1E564FC000E8FA99 /* Products */;
			projectDirPath = "";
			projectRoot = "";
			targets = (
				7782B58C1E564FC000E8FA99 /* Snakes&Ladders */,
			);
		};
/* End PBXProject section */

/* Begin PBXSourcesBuildPhase section */
		7782B5891E564FC000E8FA99 /* Sources */ = {
			isa = PBXSourcesBuildPhase;
			buildActionMask = 2147483647;
			files = (
				7782B5911E564FC000E8FA99 /* main.m in Sources */,
			);
			runOnlyForDeploymentPostprocessing = 0;
		};
/* End PBXSourcesBuildPhase section */

/* Begin XCBuildConfiguration section */
		7782B5921E564FC000E8FA99 /* Debug */ = {
			isa = XCBuildConfiguration;
			buildSettings = {
				ALWAYS_SEARCH_USER_PATHS = NO;
				CLANG_ANALYZER_NONNULL = YES;
				CLANG_CXX_LANGUAGE_STANDARD = "gnu++0x";
				CLANG_CXX_LIBRARY = "libc++";
				CLANG_ENABLE_MODULES = YES;
				CLANG_ENABLE_OBJC_ARC = YES;
				CLANG_WARN_BOOL_CONVERSION = YES;
				CLANG_WARN_CONSTANT_CONVERSION = YES;
				CLANG_WARN_DIRECT_OBJC_ISA_USAGE = YES_ERROR;
				CLANG_WARN_DOCUMENTATION_COMMENTS = YES;
				CLANG_WARN_EMPTY_BODY = YES;
				CLANG_WARN_ENUM_CONVERSION = YES;
				CLANG_WARN_INFINITE_RECURSION = YES;
				CLANG_WARN_INT_CONVERSION = YES;
				CLANG_WARN_OBJC_ROOT_CLASS = YES_ERROR;
				CLANG_WARN_SUSPICIOUS_MOVE = YES;
				CLANG_WARN_UNREACHABLE_CODE = YES;
				CLANG_WARN__DUPLICATE_METHOD_MATCH = YES;
				CODE_SIGN_IDENTITY = "-";
				COPY_PHASE_STRIP = NO;
				DEBUG_INFORMATION_FORMAT = dwarf;
				ENABLE_STRICT_OBJC_MSGSEND = YES;
				ENABLE_TESTABILITY = YES;
				GCC_C_LANGUAGE_STANDARD = gnu99;
				GCC_DYNAMIC_NO_PIC = NO;
				GCC_NO_COMMON_BLOCKS = YES;
				GCC_OPTIMIZATION_LEVEL = 0;
				GCC_PREPROCESSOR_DEFINITIONS = (
					"DEBUG=1",
					"$(inherited)",
				);
				GCC_WARN_64_TO_32_BIT_CONVERSION = YES;
				GCC_WARN_ABOUT_RETURN_TYPE = YES_ERROR;
				GCC_WARN_UNDECLARED_SELECTOR = YES;
				GCC_WARN_UNINITIALIZED_AUTOS = YES_AGGRESSIVE;
				GCC_WARN_UNUSED_FUNCTION = YES;
				GCC_WARN_UNUSED_VARIABLE = YES;
				MACOSX_DEPLOYMENT_TARGET = 10.12;
				MTL_ENABLE_DEBUG_INFO = YES;
				ONLY_ACTIVE_ARCH = YES;
				SDKROOT = macosx;
			};
			name = Debug;
		};
		7782B5931E564FC000E8FA99 /* Release */ = {
			isa = XCBuildConfiguration;
			buildSettings = {
				ALWAYS_SEARCH_USER_PATHS = NO;
				CLANG_ANALYZER_NONNULL = YES;
				CLANG_CXX_LANGUAGE_STANDARD = "gnu++0x";
				CLANG_CXX_LIBRARY = "libc++";
				CLANG_ENABLE_MODULES = YES;
				CLANG_ENABLE_OBJC_ARC = YES;
				CLANG_WARN_BOOL_CONVERSION = YES;
				CLANG_WARN_CONSTANT_CONVERSION = YES;
				CLANG_WARN_DIRECT_OBJC_ISA_USAGE = YES_ERROR;
				CLANG_WARN_DOCUMENTATION_COMMENTS = YES;
				CLANG_WARN_EMPTY_BODY = YES;
				CLANG_WARN_ENUM_CONVERSION = YES;
				CLANG_WARN_INFINITE_RECURSION = YES;
				CLANG_WARN_INT_CONVERSION = YES;
				CLANG_WARN_OBJC_ROOT_CLASS = YES_ERROR;
				CLANG_WARN_SUSPICIOUS_MOVE = YES;
				CLANG_WARN_UNREACHABLE_CODE = YES;
				CLANG_WARN__DUPLICATE_METHOD_MATCH = YES;
				CODE_SIGN_IDENTITY = "-";
				COPY_PHASE_STRIP = NO;
				DEBUG_INFORMATION_FORMAT = "dwarf-with-dsym";
				ENABLE_NS_ASSERTIONS = NO;
				ENABLE_STRICT_OBJC_MSGSEND = YES;
				GCC_C_LANGUAGE_STANDARD = gnu99;
				GCC_NO_COMMON_BLOCKS = YES;
				GCC_WARN_64_TO_32_BIT_CONVERSION = YES;
				GCC_WARN_ABOUT_RETURN_TYPE = YES_ERROR;
				GCC_WARN_UNDECLARED_SELECTOR = YES;
				GCC_WARN_UNINITIALIZED_AUTOS = YES_AGGRESSIVE;
				GCC_WARN_UNUSED_FUNCTION = YES;
				GCC_WARN_UNUSED_VARIABLE = YES;
				MACOSX_DEPLOYMENT_TARGET = 10.12;
				MTL_ENABLE_DEBUG_INFO = NO;
				SDKROOT = macosx;
			};
			name = Release;
		};
		7782B5951E564FC000E8FA99 /* Debug */ = {
			isa = XCBuildConfiguration;
			buildSettings = {
				PRODUCT_NAME = "$(TARGET_NAME)";
			};
			name = Debug;
		};
		7782B5961E564FC000E8FA99 /* Release */ = {
			isa = XCBuildConfiguration;
			buildSettings = {
				PRODUCT_NAME = "$(TARGET_NAME)";
			};
			name = Release;
		};
/* End XCBuildConfiguration section */

/* Begin XCConfigurationList section */
		7782B5881E564FC000E8FA99 /* Build configuration list for PBXProject "Snakes&Ladders" */ = {
			isa = XCConfigurationList;
			buildConfigurations = (
				7782B5921E564FC000E8FA99 /* Debug */,
				7782B5931E564FC000E8FA99 /* Release */,
			);
			defaultConfigurationIsVisible = 0;
			defaultConfigurationName = Release;
		};
		7782B5941E564FC000E8FA99 /* Build configuration list for PBXNativeTarget "Snakes&Ladders" */ = {
			isa = XCConfigurationList;
			buildConfigurations = (
				7782B5951E564FC000E8FA99 /* Debug */,
				7782B5961E564FC000E8FA99 /* Release */,
			);
			defaultConfigurationIsVisible = 0;
		};
/* End XCConfigurationList section */
	};
	rootObject = 7782B5851E564FC000E8FA99 /* Project object */;
}
